
Microsoft Visual Studio Solution File, Format Version 12.00
# Visual Studio 15
VisualStudioVersion = 15.0.27703.2026
MinimumVisualStudioVersion = 10.0.40219.1
Project("{FAE04EC0-301F-11D3-BF4B-00C04F79EFBC}") = "App3.Android", "App3\App3.Android\App3.Android.csproj", "{6E644016-A20A-4A5E-8811-A91010B5E2EE}"
EndProject
Project("{FAE04EC0-301F-11D3-BF4B-00C04F79EFBC}") = "App3", "App3\App3\App3.csproj", "{1A580DF3-66D1-453B-A5E8-AF4CEFE78D1C}"
EndProject
Global
	GlobalSection(SolutionConfigurationPlatforms) = preSolution
		Debug|Any CPU = Debug|Any CPU
		Release|Any CPU = Release|Any CPU
	EndGlobalSection
	GlobalSection(ProjectConfigurationPlatforms) = postSolution
		{6E644016-A20A-4A5E-8811-A91010B5E2EE}.Debug|Any CPU.ActiveCfg = Debug|Any CPU
		{6E644016-A20A-4A5E-8811-A91010B5E2EE}.Debug|Any CPU.Build.0 = Debug|Any CPU
		{6E644016-A20A-4A5E-8811-A91010B5E2EE}.Debug|Any CPU.Deploy.0 = Debug|Any CPU
		{6E644016-A20A-4A5E-8811-A91010B5E2EE}.Release|Any CPU.ActiveCfg = Release|Any CPU
		{6E644016-A20A-4A5E-8811-A91010B5E2EE}.Release|Any CPU.Build.0 = Release|Any CPU
		{6E644016-A20A-4A5E-8811-A91010B5E2EE}.Release|Any CPU.Deploy.0 = Release|Any CPU
		{1A580DF3-66D1-453B-A5E8-AF4CEFE78D1C}.Debug|Any CPU.ActiveCfg = Debug|Any CPU
		{1A580DF3-66D1-453B-A5E8-AF4CEFE78D1C}.Debug|Any CPU.Build.0 = Debug|Any CPU
		{1A580DF3-66D1-453B-A5E8-AF4CEFE78D1C}.Debug|Any CPU.Deploy.0 = Debug|Any CPU
		{1A580DF3-66D1-453B-A5E8-AF4CEFE78D1C}.Release|Any CPU.ActiveCfg = Release|Any CPU
		{1A580DF3-66D1-453B-A5E8-AF4CEFE78D1C}.Release|Any CPU.Build.0 = Release|Any CPU
		{1A580DF3-66D1-453B-A5E8-AF4CEFE78D1C}.Release|Any CPU.Deploy.0 = Release|Any CPU
	EndGlobalSection
	GlobalSection(SolutionProperties) = preSolution
		HideSolutionNode = FALSE
	EndGlobalSection
	GlobalSection(ExtensibilityGlobals) = postSolution
		SolutionGuid = {A3EB67AB-48F9-4993-97A1-CF042B9FD1A8}
	EndGlobalSection
EndGlobal
